
Microsoft Visual Studio Solution File, Format Version 12.00
# Visual Studio Version 16
VisualStudioVersion = 16.0.30804.86
MinimumVisualStudioVersion = 10.0.40219.1
Project("{FAE04EC0-301F-11D3-BF4B-00C04F79EFBC}") = "CaloriesCalculator", "CaloriesCalculator\CaloriesCalculator.csproj", "{EE036EDB-E46C-4E6A-96B2-3432C7684E83}"
EndProject
Global
	GlobalSection(SolutionConfigurationPlatforms) = preSolution
		Debug|Any CPU = Debug|Any CPU
		Release|Any CPU = Release|Any CPU
	EndGlobalSection
	GlobalSection(ProjectConfigurationPlatforms) = postSolution
		{EE036EDB-E46C-4E6A-96B2-3432C7684E83}.Debug|Any CPU.ActiveCfg = Debug|Any CPU
		{EE036EDB-E46C-4E6A-96B2-3432C7684E83}.Debug|Any CPU.Build.0 = Debug|Any CPU
		{EE036EDB-E46C-4E6A-96B2-3432C7684E83}.Release|Any CPU.ActiveCfg = Release|Any CPU
		{EE036EDB-E46C-4E6A-96B2-3432C7684E83}.Release|Any CPU.Build.0 = Release|Any CPU
	EndGlobalSection
	GlobalSection(SolutionProperties) = preSolution
		HideSolutionNode = FALSE
	EndGlobalSection
	GlobalSection(ExtensibilityGlobals) = postSolution
		SolutionGuid = {50A357B2-1DFE-460C-AD3D-9FD124522037}
	EndGlobalSection
EndGlobal
